
Microsoft Visual Studio Solution File, Format Version 12.00
# Visual Studio Version 17
VisualStudioVersion = 17.10.35122.118
MinimumVisualStudioVersion = 10.0.40219.1
Project("{2150E333-8FDC-42A3-9474-1A3956D46DE8}") = "Solution Items", "Solution Items", "{4F48955D-817D-410B-9130-1A36302039C0}"
	ProjectSection(SolutionItems) = preProject
		.gitignore = .gitignore
		CHANGELOG.md = CHANGELOG.md
		LICENSE = LICENSE
		README.md = README.md
		TODO.md = TODO.md
	EndProjectSection
EndProject
Project("{9A19103F-16F7-4668-BE54-9A1E7A4F7556}") = "HostingPlayground", "HostingPlayground\HostingPlayground.csproj", "{BE9D465F-9B51-41C0-8F49-9E3FCB2ABC03}"
EndProject
Project("{9A19103F-16F7-4668-BE54-9A1E7A4F7556}") = "OldGreeter", "OldGreeter\OldGreeter.csproj", "{84DDC193-9CE6-4D88-AD71-9616CB0941B5}"
EndProject
Project("{9A19103F-16F7-4668-BE54-9A1E7A4F7556}") = "HostingPlayground.CompositionRoot", "HostingPlayground.CompositionRoot\HostingPlayground.CompositionRoot.csproj", "{1BF199F5-6650-4C9F-B480-4FB6DDBD6BE3}"
EndProject
Global
	GlobalSection(SolutionConfigurationPlatforms) = preSolution
		Debug|Any CPU = Debug|Any CPU
		Release|Any CPU = Release|Any CPU
	EndGlobalSection
	GlobalSection(ProjectConfigurationPlatforms) = postSolution
		{BE9D465F-9B51-41C0-8F49-9E3FCB2ABC03}.Debug|Any CPU.ActiveCfg = Debug|Any CPU
		{BE9D465F-9B51-41C0-8F49-9E3FCB2ABC03}.Debug|Any CPU.Build.0 = Debug|Any CPU
		{BE9D465F-9B51-41C0-8F49-9E3FCB2ABC03}.Release|Any CPU.ActiveCfg = Release|Any CPU
		{BE9D465F-9B51-41C0-8F49-9E3FCB2ABC03}.Release|Any CPU.Build.0 = Release|Any CPU
		{84DDC193-9CE6-4D88-AD71-9616CB0941B5}.Debug|Any CPU.ActiveCfg = Debug|Any CPU
		{84DDC193-9CE6-4D88-AD71-9616CB0941B5}.Debug|Any CPU.Build.0 = Debug|Any CPU
		{84DDC193-9CE6-4D88-AD71-9616CB0941B5}.Release|Any CPU.ActiveCfg = Release|Any CPU
		{84DDC193-9CE6-4D88-AD71-9616CB0941B5}.Release|Any CPU.Build.0 = Release|Any CPU
		{1BF199F5-6650-4C9F-B480-4FB6DDBD6BE3}.Debug|Any CPU.ActiveCfg = Debug|Any CPU
		{1BF199F5-6650-4C9F-B480-4FB6DDBD6BE3}.Debug|Any CPU.Build.0 = Debug|Any CPU
		{1BF199F5-6650-4C9F-B480-4FB6DDBD6BE3}.Release|Any CPU.ActiveCfg = Release|Any CPU
		{1BF199F5-6650-4C9F-B480-4FB6DDBD6BE3}.Release|Any CPU.Build.0 = Release|Any CPU
	EndGlobalSection
	GlobalSection(SolutionProperties) = preSolution
		HideSolutionNode = FALSE
	EndGlobalSection
	GlobalSection(NestedProjects) = preSolution
		{BE9D465F-9B51-41C0-8F49-9E3FCB2ABC03} = {4F48955D-817D-410B-9130-1A36302039C0}
		{84DDC193-9CE6-4D88-AD71-9616CB0941B5} = {4F48955D-817D-410B-9130-1A36302039C0}
		{1BF199F5-6650-4C9F-B480-4FB6DDBD6BE3} = {4F48955D-817D-410B-9130-1A36302039C0}
	EndGlobalSection
	GlobalSection(ExtensibilityGlobals) = postSolution
		SolutionGuid = {30B1BCB6-E89D-4FAB-860E-85197BD62CF3}
	EndGlobalSection
EndGlobal
